
Microsoft Visual Studio Solution File, Format Version 12.00
# Visual Studio 15
VisualStudioVersion = 15.0.26124.0
MinimumVisualStudioVersion = 15.0.26124.0
Project("{9A19103F-16F7-4668-BE54-9A1E7A4F7556}") = "SoftwarePioniere.AspNetCore", "src\SoftwarePioniere.AspNetCore\SoftwarePioniere.AspNetCore.csproj", "{C2F29020-A4D6-4DC0-96B2-DD01E5E74F3D}"
EndProject
Project("{9A19103F-16F7-4668-BE54-9A1E7A4F7556}") = "SoftwarePioniere.AspNetCore.SampleApp", "src\SoftwarePioniere.AspNetCore.SampleApp\SoftwarePioniere.AspNetCore.SampleApp.csproj", "{5438F93C-D5CB-4824-974B-AC69FFD79920}"
EndProject
Project("{2150E333-8FDC-42A3-9474-1A3956D46DE8}") = "Solution Items", "Solution Items", "{8D709F4B-D2F2-4C18-97FB-79A9E8BC8664}"
	ProjectSection(SolutionItems) = preProject
		README.md = README.md
	EndProjectSection
EndProject
Global
	GlobalSection(SolutionConfigurationPlatforms) = preSolution
		Debug|Any CPU = Debug|Any CPU
		Debug|x64 = Debug|x64
		Debug|x86 = Debug|x86
		Release|Any CPU = Release|Any CPU
		Release|x64 = Release|x64
		Release|x86 = Release|x86
	EndGlobalSection
	GlobalSection(ProjectConfigurationPlatforms) = postSolution
		{C2F29020-A4D6-4DC0-96B2-DD01E5E74F3D}.Debug|Any CPU.ActiveCfg = Debug|Any CPU
		{C2F29020-A4D6-4DC0-96B2-DD01E5E74F3D}.Debug|Any CPU.Build.0 = Debug|Any CPU
		{C2F29020-A4D6-4DC0-96B2-DD01E5E74F3D}.Debug|x64.ActiveCfg = Debug|Any CPU
		{C2F29020-A4D6-4DC0-96B2-DD01E5E74F3D}.Debug|x64.Build.0 = Debug|Any CPU
		{C2F29020-A4D6-4DC0-96B2-DD01E5E74F3D}.Debug|x86.ActiveCfg = Debug|Any CPU
		{C2F29020-A4D6-4DC0-96B2-DD01E5E74F3D}.Debug|x86.Build.0 = Debug|Any CPU
		{C2F29020-A4D6-4DC0-96B2-DD01E5E74F3D}.Release|Any CPU.ActiveCfg = Release|Any CPU
		{C2F29020-A4D6-4DC0-96B2-DD01E5E74F3D}.Release|Any CPU.Build.0 = Release|Any CPU
		{C2F29020-A4D6-4DC0-96B2-DD01E5E74F3D}.Release|x64.ActiveCfg = Release|Any CPU
		{C2F29020-A4D6-4DC0-96B2-DD01E5E74F3D}.Release|x64.Build.0 = Release|Any CPU
		{C2F29020-A4D6-4DC0-96B2-DD01E5E74F3D}.Release|x86.ActiveCfg = Release|Any CPU
		{C2F29020-A4D6-4DC0-96B2-DD01E5E74F3D}.Release|x86.Build.0 = Release|Any CPU
		{5438F93C-D5CB-4824-974B-AC69FFD79920}.Debug|Any CPU.ActiveCfg = Debug|Any CPU
		{5438F93C-D5CB-4824-974B-AC69FFD79920}.Debug|Any CPU.Build.0 = Debug|Any CPU
		{5438F93C-D5CB-4824-974B-AC69FFD79920}.Debug|x64.ActiveCfg = Debug|Any CPU
		{5438F93C-D5CB-4824-974B-AC69FFD79920}.Debug|x64.Build.0 = Debug|Any CPU
		{5438F93C-D5CB-4824-974B-AC69FFD79920}.Debug|x86.ActiveCfg = Debug|Any CPU
		{5438F93C-D5CB-4824-974B-AC69FFD79920}.Debug|x86.Build.0 = Debug|Any CPU
		{5438F93C-D5CB-4824-974B-AC69FFD79920}.Release|Any CPU.ActiveCfg = Release|Any CPU
		{5438F93C-D5CB-4824-974B-AC69FFD79920}.Release|Any CPU.Build.0 = Release|Any CPU
		{5438F93C-D5CB-4824-974B-AC69FFD79920}.Release|x64.ActiveCfg = Release|Any CPU
		{5438F93C-D5CB-4824-974B-AC69FFD79920}.Release|x64.Build.0 = Release|Any CPU
		{5438F93C-D5CB-4824-974B-AC69FFD79920}.Release|x86.ActiveCfg = Release|Any CPU
		{5438F93C-D5CB-4824-974B-AC69FFD79920}.Release|x86.Build.0 = Release|Any CPU
	EndGlobalSection
	GlobalSection(SolutionProperties) = preSolution
		HideSolutionNode = FALSE
	EndGlobalSection
	GlobalSection(ExtensibilityGlobals) = postSolution
		SolutionGuid = {D71BEBEA-313A-4B51-9115-BDE41C142A59}
	EndGlobalSection
EndGlobal
